# This file is automatically @generated by Poetry 1.5.5 and should not be changed by hand.

[[package]]
name = "ffmpeg"
version = "1.4"
description = "ffmpeg python package url [https://github.com/jiashaokun/ffmpeg]"
optional = false
python-versions = "*"
files = [
    {file = "ffmpeg-1.4.tar.gz", hash = "sha256:6931692c890ff21d39938433c2189747815dca0c60ddc7f9bb97f199dba0b5b9"},
]

[[package]]
name = "validators"
version = "0.34.0"
description = "Python Data Validation for Humans™"
optional = false
python-versions = ">=3.8"
files = [
    {file = "validators-0.34.0-py3-none-any.whl", hash = "sha256:c804b476e3e6d3786fa07a30073a4ef694e617805eb1946ceee3fe5a9b8b1321"},
    {file = "validators-0.34.0.tar.gz", hash = "sha256:647fe407b45af9a74d245b943b18e6a816acf4926974278f6dd617778e1e781f"},
]

[package.extras]
crypto-eth-addresses = ["eth-hash[pycryptodome] (>=0.7.0)"]

[metadata]
lock-version = "2.0"
python-versions = ">=3.8.0,<3.9"
content-hash = "29a092b18dc533415388aa9ce028ec0f1d76ad270d4f62b20748936d9b90c303"
